
Microsoft Visual Studio Solution File, Format Version 12.00
# Visual Studio Version 16
VisualStudioVersion = 16.0.31112.23
MinimumVisualStudioVersion = 10.0.40219.1
Project("{FAE04EC0-301F-11D3-BF4B-00C04F79EFBC}") = "CommentsSection", "CommentsSection\CommentsSection.csproj", "{333A0429-FEB6-4EE9-BAF1-BBC430380AF0}"
EndProject
Global
	GlobalSection(SolutionConfigurationPlatforms) = preSolution
		Debug|Any CPU = Debug|Any CPU
		Release|Any CPU = Release|Any CPU
	EndGlobalSection
	GlobalSection(ProjectConfigurationPlatforms) = postSolution
		{333A0429-FEB6-4EE9-BAF1-BBC430380AF0}.Debug|Any CPU.ActiveCfg = Debug|Any CPU
		{333A0429-FEB6-4EE9-BAF1-BBC430380AF0}.Debug|Any CPU.Build.0 = Debug|Any CPU
		{333A0429-FEB6-4EE9-BAF1-BBC430380AF0}.Release|Any CPU.ActiveCfg = Release|Any CPU
		{333A0429-FEB6-4EE9-BAF1-BBC430380AF0}.Release|Any CPU.Build.0 = Release|Any CPU
	EndGlobalSection
	GlobalSection(SolutionProperties) = preSolution
		HideSolutionNode = FALSE
	EndGlobalSection
	GlobalSection(ExtensibilityGlobals) = postSolution
		SolutionGuid = {152200B7-891C-478D-AF06-9731C50F40B1}
	EndGlobalSection
EndGlobal
